github.com/google/uuid v1.6.0 h1:NIvaJDMOsjHA8n1jAhLSgzrAzy1Hgr+hNrb57e+94F0=
github.com/google/uuid v1.6.0/go.mod h1:TIyPZe4MgqvfeYDBFedMoGGpEw/LqOeaOT+nhxU+yHo=
github.com/igrmk/treemap/v2 v2.0.1 h1:Jhy4z3yhATvYZMWCmxsnHO5NnNZBdueSzvxh6353l+0=
github.com/igrmk/treemap/v2 v2.0.1/go.mod h1:PkTPvx+8OHS8/41jnnyVY+oVsfkaOUZGcr+sfonosd4=
golang.org/x/exp v0.0.0-20220317015231-48e79f11773a h1:DAzrdbxsb5tXNOhMCSwF7ZdfMbW46hE9fSVO6BsmUZM=
golang.org/x/exp v0.0.0-20220317015231-48e79f11773a/go.mod h1:lgLbSvA5ygNOMpwM/9anMpWVlVJ7Z+cHWq/eFuinpGE=
golang.org/x/exp v0.0.0-20251125195548-87e1e737ad39 h1:DHNhtq3sNNzrvduZZIiFyXWOL9IWaDPHqTnLJp+rCBY=
golang.org/x/exp v0.0.0-20251125195548-87e1e737ad39/go.mod h1:46edojNIoXTNOhySWIWdix628clX9ODXwPsQuG6hsK0=
